
Microsoft Visual Studio Solution File, Format Version 12.00
# Visual Studio Version 17
VisualStudioVersion = 17.1.32319.34
MinimumVisualStudioVersion = 10.0.40219.1
Project("{9A19103F-16F7-4668-BE54-9A1E7A4F7556}") = "Dinner.Api", "Dinner.Api\Dinner.Api.csproj", "{8C6CE8B6-9A74-46EF-8CA3-0AB6CDEB2501}"
EndProject
Project("{9A19103F-16F7-4668-BE54-9A1E7A4F7556}") = "Dinner.Contracts", "Dinner.Contracts\Dinner.Contracts.csproj", "{0ABFF721-45EF-4B1F-8F13-EE7E43DA65B4}"
EndProject
Project("{9A19103F-16F7-4668-BE54-9A1E7A4F7556}") = "Dinner.Infrastructure", "Dinner.Infrastructure\Dinner.Infrastructure.csproj", "{D6803655-1820-4409-8DA8-C18CF36FAD7F}"
EndProject
Project("{9A19103F-16F7-4668-BE54-9A1E7A4F7556}") = "Dinner.Application", "Dinner.Application\Dinner.Application.csproj", "{B0310B57-18CF-4788-8344-C75397037C84}"
EndProject
Project("{9A19103F-16F7-4668-BE54-9A1E7A4F7556}") = "Dinner.Domain", "Dinner.Domain\Dinner.Domain.csproj", "{EACD2C30-0850-46E9-BDF3-37FC2CA1DBE7}"
EndProject
Global
	GlobalSection(SolutionConfigurationPlatforms) = preSolution
		Debug|Any CPU = Debug|Any CPU
		Release|Any CPU = Release|Any CPU
	EndGlobalSection
	GlobalSection(ProjectConfigurationPlatforms) = postSolution
		{8C6CE8B6-9A74-46EF-8CA3-0AB6CDEB2501}.Debug|Any CPU.ActiveCfg = Debug|Any CPU
		{8C6CE8B6-9A74-46EF-8CA3-0AB6CDEB2501}.Debug|Any CPU.Build.0 = Debug|Any CPU
		{8C6CE8B6-9A74-46EF-8CA3-0AB6CDEB2501}.Release|Any CPU.ActiveCfg = Release|Any CPU
		{8C6CE8B6-9A74-46EF-8CA3-0AB6CDEB2501}.Release|Any CPU.Build.0 = Release|Any CPU
		{0ABFF721-45EF-4B1F-8F13-EE7E43DA65B4}.Debug|Any CPU.ActiveCfg = Debug|Any CPU
		{0ABFF721-45EF-4B1F-8F13-EE7E43DA65B4}.Debug|Any CPU.Build.0 = Debug|Any CPU
		{0ABFF721-45EF-4B1F-8F13-EE7E43DA65B4}.Release|Any CPU.ActiveCfg = Release|Any CPU
		{0ABFF721-45EF-4B1F-8F13-EE7E43DA65B4}.Release|Any CPU.Build.0 = Release|Any CPU
		{D6803655-1820-4409-8DA8-C18CF36FAD7F}.Debug|Any CPU.ActiveCfg = Debug|Any CPU
		{D6803655-1820-4409-8DA8-C18CF36FAD7F}.Debug|Any CPU.Build.0 = Debug|Any CPU
		{D6803655-1820-4409-8DA8-C18CF36FAD7F}.Release|Any CPU.ActiveCfg = Release|Any CPU
		{D6803655-1820-4409-8DA8-C18CF36FAD7F}.Release|Any CPU.Build.0 = Release|Any CPU
		{B0310B57-18CF-4788-8344-C75397037C84}.Debug|Any CPU.ActiveCfg = Debug|Any CPU
		{B0310B57-18CF-4788-8344-C75397037C84}.Debug|Any CPU.Build.0 = Debug|Any CPU
		{B0310B57-18CF-4788-8344-C75397037C84}.Release|Any CPU.ActiveCfg = Release|Any CPU
		{B0310B57-18CF-4788-8344-C75397037C84}.Release|Any CPU.Build.0 = Release|Any CPU
		{EACD2C30-0850-46E9-BDF3-37FC2CA1DBE7}.Debug|Any CPU.ActiveCfg = Debug|Any CPU
		{EACD2C30-0850-46E9-BDF3-37FC2CA1DBE7}.Debug|Any CPU.Build.0 = Debug|Any CPU
		{EACD2C30-0850-46E9-BDF3-37FC2CA1DBE7}.Release|Any CPU.ActiveCfg = Release|Any CPU
		{EACD2C30-0850-46E9-BDF3-37FC2CA1DBE7}.Release|Any CPU.Build.0 = Release|Any CPU
	EndGlobalSection
	GlobalSection(SolutionProperties) = preSolution
		HideSolutionNode = FALSE
	EndGlobalSection
	GlobalSection(ExtensibilityGlobals) = postSolution
		SolutionGuid = {CEABC4E9-C329-4F50-A073-6DA88AC1C0E1}
	EndGlobalSection
EndGlobal
